
Microsoft Visual Studio Solution File, Format Version 12.00
# Visual Studio Version 16
VisualStudioVersion = 16.0.31702.278
MinimumVisualStudioVersion = 10.0.40219.1
Project("{2150E333-8FDC-42A3-9474-1A3956D46DE8}") = "DataAccessLayer", "DataAccessLayer", "{AF0C4690-1D59-4B5F-9448-164B76CF1672}"
EndProject
Project("{9A19103F-16F7-4668-BE54-9A1E7A4F7556}") = "prDbEntities", "prDbEntities\prDbEntities.csproj", "{2A87E745-6054-4B66-AE0A-3FDE3601E606}"
EndProject
Project("{9A19103F-16F7-4668-BE54-9A1E7A4F7556}") = "prDataAccess", "prDataAccess\prDataAccess.csproj", "{D6801963-30BB-4239-A480-DD79BDBB1457}"
EndProject
Project("{2150E333-8FDC-42A3-9474-1A3956D46DE8}") = "TestingLayer", "TestingLayer", "{9EF9CB11-C2D5-45B7-AB61-44E1246BD9B3}"
EndProject
Project("{2150E333-8FDC-42A3-9474-1A3956D46DE8}") = "TransversalLayer", "TransversalLayer", "{FECF2F06-B883-40BE-8E41-F2545BEE6355}"
EndProject
Project("{9A19103F-16F7-4668-BE54-9A1E7A4F7556}") = "prMapper", "prMapper\prMapper.csproj", "{CF01DBD2-D54F-4B7E-9144-872BE731C064}"
EndProject
Project("{9A19103F-16F7-4668-BE54-9A1E7A4F7556}") = "prDTO", "prDTO\prDTO.csproj", "{94124174-370B-45BE-A7D5-0AC6A7B15778}"
EndProject
Project("{2150E333-8FDC-42A3-9474-1A3956D46DE8}") = "APILayer", "APILayer", "{70AE44F1-5366-4CE0-AABA-8273E4DFD7C2}"
EndProject
Project("{9A19103F-16F7-4668-BE54-9A1E7A4F7556}") = "RealEstateWebAPI", "RealEstateWebAPI\RealEstateWebAPI.csproj", "{31338ADD-3BF8-4E6C-AA3E-BFF09E351C13}"
EndProject
Project("{9A19103F-16F7-4668-BE54-9A1E7A4F7556}") = "prImageUtility", "prImageUtility\prImageUtility.csproj", "{CDA32252-8B3C-4D95-8657-4E6E7AC36E60}"
EndProject
Project("{9A19103F-16F7-4668-BE54-9A1E7A4F7556}") = "prTestProject", "prTestProject\prTestProject.csproj", "{E37546A3-4502-42D2-ABD0-A4DF08211E20}"
EndProject
Global
	GlobalSection(SolutionConfigurationPlatforms) = preSolution
		Debug|Any CPU = Debug|Any CPU
		Release|Any CPU = Release|Any CPU
	EndGlobalSection
	GlobalSection(ProjectConfigurationPlatforms) = postSolution
		{2A87E745-6054-4B66-AE0A-3FDE3601E606}.Debug|Any CPU.ActiveCfg = Debug|Any CPU
		{2A87E745-6054-4B66-AE0A-3FDE3601E606}.Debug|Any CPU.Build.0 = Debug|Any CPU
		{2A87E745-6054-4B66-AE0A-3FDE3601E606}.Release|Any CPU.ActiveCfg = Release|Any CPU
		{2A87E745-6054-4B66-AE0A-3FDE3601E606}.Release|Any CPU.Build.0 = Release|Any CPU
		{D6801963-30BB-4239-A480-DD79BDBB1457}.Debug|Any CPU.ActiveCfg = Debug|Any CPU
		{D6801963-30BB-4239-A480-DD79BDBB1457}.Debug|Any CPU.Build.0 = Debug|Any CPU
		{D6801963-30BB-4239-A480-DD79BDBB1457}.Release|Any CPU.ActiveCfg = Release|Any CPU
		{D6801963-30BB-4239-A480-DD79BDBB1457}.Release|Any CPU.Build.0 = Release|Any CPU
		{CF01DBD2-D54F-4B7E-9144-872BE731C064}.Debug|Any CPU.ActiveCfg = Debug|Any CPU
		{CF01DBD2-D54F-4B7E-9144-872BE731C064}.Debug|Any CPU.Build.0 = Debug|Any CPU
		{CF01DBD2-D54F-4B7E-9144-872BE731C064}.Release|Any CPU.ActiveCfg = Release|Any CPU
		{CF01DBD2-D54F-4B7E-9144-872BE731C064}.Release|Any CPU.Build.0 = Release|Any CPU
		{94124174-370B-45BE-A7D5-0AC6A7B15778}.Debug|Any CPU.ActiveCfg = Debug|Any CPU
		{94124174-370B-45BE-A7D5-0AC6A7B15778}.Debug|Any CPU.Build.0 = Debug|Any CPU
		{94124174-370B-45BE-A7D5-0AC6A7B15778}.Release|Any CPU.ActiveCfg = Release|Any CPU
		{94124174-370B-45BE-A7D5-0AC6A7B15778}.Release|Any CPU.Build.0 = Release|Any CPU
		{31338ADD-3BF8-4E6C-AA3E-BFF09E351C13}.Debug|Any CPU.ActiveCfg = Debug|Any CPU
		{31338ADD-3BF8-4E6C-AA3E-BFF09E351C13}.Debug|Any CPU.Build.0 = Debug|Any CPU
		{31338ADD-3BF8-4E6C-AA3E-BFF09E351C13}.Release|Any CPU.ActiveCfg = Release|Any CPU
		{31338ADD-3BF8-4E6C-AA3E-BFF09E351C13}.Release|Any CPU.Build.0 = Release|Any CPU
		{CDA32252-8B3C-4D95-8657-4E6E7AC36E60}.Debug|Any CPU.ActiveCfg = Debug|Any CPU
		{CDA32252-8B3C-4D95-8657-4E6E7AC36E60}.Debug|Any CPU.Build.0 = Debug|Any CPU
		{CDA32252-8B3C-4D95-8657-4E6E7AC36E60}.Release|Any CPU.ActiveCfg = Release|Any CPU
		{CDA32252-8B3C-4D95-8657-4E6E7AC36E60}.Release|Any CPU.Build.0 = Release|Any CPU
		{E37546A3-4502-42D2-ABD0-A4DF08211E20}.Debug|Any CPU.ActiveCfg = Debug|Any CPU
		{E37546A3-4502-42D2-ABD0-A4DF08211E20}.Debug|Any CPU.Build.0 = Debug|Any CPU
		{E37546A3-4502-42D2-ABD0-A4DF08211E20}.Release|Any CPU.ActiveCfg = Release|Any CPU
		{E37546A3-4502-42D2-ABD0-A4DF08211E20}.Release|Any CPU.Build.0 = Release|Any CPU
	EndGlobalSection
	GlobalSection(SolutionProperties) = preSolution
		HideSolutionNode = FALSE
	EndGlobalSection
	GlobalSection(NestedProjects) = preSolution
		{2A87E745-6054-4B66-AE0A-3FDE3601E606} = {AF0C4690-1D59-4B5F-9448-164B76CF1672}
		{D6801963-30BB-4239-A480-DD79BDBB1457} = {AF0C4690-1D59-4B5F-9448-164B76CF1672}
		{CF01DBD2-D54F-4B7E-9144-872BE731C064} = {FECF2F06-B883-40BE-8E41-F2545BEE6355}
		{94124174-370B-45BE-A7D5-0AC6A7B15778} = {FECF2F06-B883-40BE-8E41-F2545BEE6355}
		{31338ADD-3BF8-4E6C-AA3E-BFF09E351C13} = {70AE44F1-5366-4CE0-AABA-8273E4DFD7C2}
		{CDA32252-8B3C-4D95-8657-4E6E7AC36E60} = {FECF2F06-B883-40BE-8E41-F2545BEE6355}
		{E37546A3-4502-42D2-ABD0-A4DF08211E20} = {9EF9CB11-C2D5-45B7-AB61-44E1246BD9B3}
	EndGlobalSection
	GlobalSection(ExtensibilityGlobals) = postSolution
		SolutionGuid = {214F0B66-39F1-4232-B1E8-AC5572B5E33A}
	EndGlobalSection
EndGlobal
